
Microsoft Visual Studio Solution File, Format Version 12.00
# Visual Studio Version 16
VisualStudioVersion = 16.0.30717.126
MinimumVisualStudioVersion = 10.0.40219.1
Project("{FAE04EC0-301F-11D3-BF4B-00C04F79EFBC}") = "WebApp", "WebApp\WebApp.csproj", "{00D42148-235A-4EBD-8AE8-C472D8D8F6CF}"
EndProject
Global
	GlobalSection(SolutionConfigurationPlatforms) = preSolution
		Debug|Any CPU = Debug|Any CPU
		Release|Any CPU = Release|Any CPU
	EndGlobalSection
	GlobalSection(ProjectConfigurationPlatforms) = postSolution
		{00D42148-235A-4EBD-8AE8-C472D8D8F6CF}.Debug|Any CPU.ActiveCfg = Debug|Any CPU
		{00D42148-235A-4EBD-8AE8-C472D8D8F6CF}.Debug|Any CPU.Build.0 = Debug|Any CPU
		{00D42148-235A-4EBD-8AE8-C472D8D8F6CF}.Release|Any CPU.ActiveCfg = Release|Any CPU
		{00D42148-235A-4EBD-8AE8-C472D8D8F6CF}.Release|Any CPU.Build.0 = Release|Any CPU
	EndGlobalSection
	GlobalSection(SolutionProperties) = preSolution
		HideSolutionNode = FALSE
	EndGlobalSection
	GlobalSection(ExtensibilityGlobals) = postSolution
		SolutionGuid = {ABC698E5-BAA2-4768-9246-84ECA4BA88A6}
	EndGlobalSection
EndGlobal
